
Microsoft Visual Studio Solution File, Format Version 12.00
# Visual Studio Version 17
VisualStudioVersion = 17.8.34330.188
MinimumVisualStudioVersion = 10.0.40219.1
Project("{9A19103F-16F7-4668-BE54-9A1E7A4F7556}") = "Expense Tracker", "Expense Tracker\Expense Tracker.csproj", "{127B84A2-8656-4E8D-A6A4-8CEBD7D86F64}"
EndProject
Global
	GlobalSection(SolutionConfigurationPlatforms) = preSolution
		Debug|Any CPU = Debug|Any CPU
		Release|Any CPU = Release|Any CPU
	EndGlobalSection
	GlobalSection(ProjectConfigurationPlatforms) = postSolution
		{127B84A2-8656-4E8D-A6A4-8CEBD7D86F64}.Debug|Any CPU.ActiveCfg = Debug|Any CPU
		{127B84A2-8656-4E8D-A6A4-8CEBD7D86F64}.Debug|Any CPU.Build.0 = Debug|Any CPU
		{127B84A2-8656-4E8D-A6A4-8CEBD7D86F64}.Release|Any CPU.ActiveCfg = Release|Any CPU
		{127B84A2-8656-4E8D-A6A4-8CEBD7D86F64}.Release|Any CPU.Build.0 = Release|Any CPU
	EndGlobalSection
	GlobalSection(SolutionProperties) = preSolution
		HideSolutionNode = FALSE
	EndGlobalSection
	GlobalSection(ExtensibilityGlobals) = postSolution
		SolutionGuid = {A45626EB-C1F3-4E83-9E10-5F0D9D571D39}
	EndGlobalSection
EndGlobal
